
Microsoft Visual Studio Solution File, Format Version 12.00
# Visual Studio Version 16
VisualStudioVersion = 16.0.30011.22
MinimumVisualStudioVersion = 10.0.40219.1
Project("{9A19103F-16F7-4668-BE54-9A1E7A4F7556}") = "ProductsApi", "ProductsApi.csproj", "{6B73558D-D5C2-43B3-8485-D8D622035A29}"
EndProject
Project("{FAE04EC0-301F-11D3-BF4B-00C04F79EFBC}") = "NUnitTestProject1", "..\NUnitTestProject1\NUnitTestProject1.csproj", "{7ADB417F-4AD0-4B5E-AB9D-928360EC3754}"
EndProject
Global
	GlobalSection(SolutionConfigurationPlatforms) = preSolution
		Debug|Any CPU = Debug|Any CPU
		Release|Any CPU = Release|Any CPU
	EndGlobalSection
	GlobalSection(ProjectConfigurationPlatforms) = postSolution
		{6B73558D-D5C2-43B3-8485-D8D622035A29}.Debug|Any CPU.ActiveCfg = Debug|Any CPU
		{6B73558D-D5C2-43B3-8485-D8D622035A29}.Debug|Any CPU.Build.0 = Debug|Any CPU
		{6B73558D-D5C2-43B3-8485-D8D622035A29}.Release|Any CPU.ActiveCfg = Release|Any CPU
		{6B73558D-D5C2-43B3-8485-D8D622035A29}.Release|Any CPU.Build.0 = Release|Any CPU
		{7ADB417F-4AD0-4B5E-AB9D-928360EC3754}.Debug|Any CPU.ActiveCfg = Debug|Any CPU
		{7ADB417F-4AD0-4B5E-AB9D-928360EC3754}.Debug|Any CPU.Build.0 = Debug|Any CPU
		{7ADB417F-4AD0-4B5E-AB9D-928360EC3754}.Release|Any CPU.ActiveCfg = Release|Any CPU
		{7ADB417F-4AD0-4B5E-AB9D-928360EC3754}.Release|Any CPU.Build.0 = Release|Any CPU
	EndGlobalSection
	GlobalSection(SolutionProperties) = preSolution
		HideSolutionNode = FALSE
	EndGlobalSection
	GlobalSection(ExtensibilityGlobals) = postSolution
		SolutionGuid = {05ADD5BC-A404-4EAF-B89B-8161C03C346E}
	EndGlobalSection
EndGlobal
